{
  "name": "sandbox",
  "version": "1.0.0",
  "lockfileVersion": 1,
  "requires": true,
  "dependencies": {
    "@babel/runtime": {
      "version": "7.2.0",
      "resolved": "https://registry.npmjs.org/@babel/runtime/-/runtime-7.2.0.tgz",
      "integrity": "sha512-oouEibCbHMVdZSDlJBO6bZmID/zA/G/Qx3H1d3rSNPTD+L8UNKvCat7aKWSJ74zYbm5zWGh0GQN0hKj8zYFTCg==",
      "dev": true,
      "requires": {
        "regenerator-runtime": "^0.12.0"
      },
      "dependencies": {
        "regenerator-runtime": {
          "version": "0.12.1",
          "resolved": "https://registry.npmjs.org/regenerator-runtime/-/regenerator-runtime-0.12.1.tgz",
          "integrity": "sha512-odxIc1/vDlo4iZcfXqRYFj0vpXFNoGdKMAUieAlFYO6m/nl5e9KR/beGf41z4a1FI+aQgtjhuaSlDxQ0hmkrHg==",
          "dev": true
        }
      }
    },
    "@emotion/cache": {
      "version": "0.8.8",
      "resolved": "https://registry.npmjs.org/@emotion/cache/-/cache-0.8.8.tgz",
      "integrity": "sha512-yaQQjNAVkKclMX6D8jTU3rhQKjCnXU1KS+Ok0lgZcarGHI2yydU/kKHyF3PZnQhbTpIFBK5W4+HmLCtCie7ESw==",
      "dev": true,
      "requires": {
        "@emotion/sheet": "^0.8.1",
        "@emotion/stylis": "^0.7.1",
        "@emotion/utils": "^0.8.2"
      }
    },
    "@emotion/core": {
      "version": "0.13.1",
      "resolved": "https://registry.npmjs.org/@emotion/core/-/core-0.13.1.tgz",
      "integrity": "sha512-5qzKP6bTe2Ah7Wvh1sgtzgy6ycdpxwgMAjQ/K/VxvqBxveG9PCpq+Z0GdVg7Houb1AwYjTfNtXstjSk4sqi/7g==",
      "dev": true,
      "requires": {
        "@emotion/cache": "^0.8.8",
        "@emotion/css": "^0.9.8",
        "@emotion/serialize": "^0.9.1",
        "@emotion/sheet": "^0.8.1",
        "@emotion/utils": "^0.8.2"
      }
    },
    "@emotion/css": {
      "version": "0.9.8",
      "resolved": "https://registry.npmjs.org/@emotion/css/-/css-0.9.8.tgz",
      "integrity": "sha512-Stov3+9+KWZAte/ED9Hts3r4DVBADd5erDrhrywokM31ctQsRPD3qk8W4d1ca48ry57g/nc0qUHNis/xd1SoFg==",
      "dev": true,
      "requires": {
        "@emotion/serialize": "^0.9.1",
        "@emotion/utils": "^0.8.2"
      }
    },
    "@emotion/hash": {
      "version": "0.6.6",
      "resolved": "https://registry.npmjs.org/@emotion/hash/-/hash-0.6.6.tgz",
      "integrity": "sha512-ojhgxzUHZ7am3D2jHkMzPpsBAiB005GF5YU4ea+8DNPybMk01JJUM9V9YRlF/GE95tcOm8DxQvWA2jq19bGalQ==",
      "dev": true
    },
    "@emotion/is-prop-valid": {
      "version": "0.6.8",
      "resolved": "https://registry.npmjs.org/@emotion/is-prop-valid/-/is-prop-valid-0.6.8.tgz",
      "integrity": "sha512-IMSL7ekYhmFlILXcouA6ket3vV7u9BqStlXzbKOF9HBtpUPMMlHU+bBxrLOa2NvleVwNIxeq/zL8LafLbeUXcA==",
      "dev": true,
      "requires": {
        "@emotion/memoize": "^0.6.6"
      }
    },
    "@emotion/memoize": {
      "version": "0.6.6",
      "resolved": "https://registry.npmjs.org/@emotion/memoize/-/memoize-0.6.6.tgz",
      "integrity": "sha512-h4t4jFjtm1YV7UirAFuSuFGyLa+NNxjdkq6DpFLANNQY5rHueFZHVY+8Cu1HYVP6DrheB0kv4m5xPjo7eKT7yQ==",
      "dev": true
    },
    "@emotion/provider": {
      "version": "0.11.2",
      "resolved": "https://registry.npmjs.org/@emotion/provider/-/provider-0.11.2.tgz",
      "integrity": "sha512-y/BRd6cJ9tyxsy4EK8WheD2X1/RfmudMYILpa8sgI3dKCjVWeEZuQM17wXRVEyhrisaRaIp1qT4h0eWUaaqNLg==",
      "dev": true,
      "requires": {
        "@emotion/cache": "^0.8.8",
        "@emotion/weak-memoize": "^0.1.3"
      }
    },
    "@emotion/serialize": {
      "version": "0.9.1",
      "resolved": "https://registry.npmjs.org/@emotion/serialize/-/serialize-0.9.1.tgz",
      "integrity": "sha512-zTuAFtyPvCctHBEL8KZ5lJuwBanGSutFEncqLn/m9T1a6a93smBStK+bZzcNPgj4QS8Rkw9VTwJGhRIUVO8zsQ==",
      "dev": true,
      "requires": {
        "@emotion/hash": "^0.6.6",
        "@emotion/memoize": "^0.6.6",
        "@emotion/unitless": "^0.6.7",
        "@emotion/utils": "^0.8.2"
      }
    },
    "@emotion/sheet": {
      "version": "0.8.1",
      "resolved": "https://registry.npmjs.org/@emotion/sheet/-/sheet-0.8.1.tgz",
      "integrity": "sha512-p82hFBHbNkPLZ410HOeaRJZMrN1uh9rI7JAaRXIp62PP5evspPXyi3xYtxZc1+sCSlwjnQPuOIa6N88iJNtPXw==",
      "dev": true
    },
    "@emotion/styled": {
      "version": "0.10.6",
      "resolved": "https://registry.npmjs.org/@emotion/styled/-/styled-0.10.6.tgz",
      "integrity": "sha512-DFNW8jlMjy1aYCj/PKsvBoJVZAQXzjmSCwtKXLs31qZzNPaUEPbTYSIKnMUtIiAOYsu0pUTGXM+l0a+MYNm4lA==",
      "dev": true,
      "requires": {
        "@emotion/styled-base": "^0.10.6"
      }
    },
    "@emotion/styled-base": {
      "version": "0.10.6",
      "resolved": "https://registry.npmjs.org/@emotion/styled-base/-/styled-base-0.10.6.tgz",
      "integrity": "sha512-7RfdJm2oEXiy3isFRY63mHRmWWjScFXFoZTFkCJPaL8NhX+H724WwIoQOt3WA1Jd+bb97xkJg31JbYYsSqnEaQ==",
      "dev": true,
      "requires": {
        "@emotion/is-prop-valid": "^0.6.8",
        "@emotion/serialize": "^0.9.1",
        "@emotion/utils": "^0.8.2"
      }
    },
    "@emotion/stylis": {
      "version": "0.7.1",
      "resolved": "https://registry.npmjs.org/@emotion/stylis/-/stylis-0.7.1.tgz",
      "integrity": "sha512-/SLmSIkN13M//53TtNxgxo57mcJk/UJIDFRKwOiLIBEyBHEcipgR6hNMQ/59Sl4VjCJ0Z/3zeAZyvnSLPG/1HQ==",
      "dev": true
    },
    "@emotion/unitless": {
      "version": "0.6.7",
      "resolved": "https://registry.npmjs.org/@emotion/unitless/-/unitless-0.6.7.tgz",
      "integrity": "sha512-Arj1hncvEVqQ2p7Ega08uHLr1JuRYBuO5cIvcA+WWEQ5+VmkOE3ZXzl04NbQxeQpWX78G7u6MqxKuNX3wvYZxg==",
      "dev": true
    },
    "@emotion/utils": {
      "version": "0.8.2",
      "resolved": "https://registry.npmjs.org/@emotion/utils/-/utils-0.8.2.tgz",
      "integrity": "sha512-rLu3wcBWH4P5q1CGoSSH/i9hrXs7SlbRLkoq9IGuoPYNGQvDJ3pt/wmOM+XgYjIDRMVIdkUWt0RsfzF50JfnCw==",
      "dev": true
    },
    "@emotion/weak-memoize": {
      "version": "0.1.3",
      "resolved": "https://registry.npmjs.org/@emotion/weak-memoize/-/weak-memoize-0.1.3.tgz",
      "integrity": "sha512-QsYGKdhhuDFNq7bjm2r44y0mp5xW3uO3csuTPDWZc0OIiMQv+AIY5Cqwd4mJiC5N8estVl7qlvOx1hbtOuUWbw==",
      "dev": true
    },
    "@icons/material": {
      "version": "0.2.4",
      "resolved": "https://registry.npmjs.org/@icons/material/-/material-0.2.4.tgz",
      "integrity": "sha512-QPcGmICAPbGLGb6F/yNf/KzKqvFx8z5qx3D1yFqVAjoFmXK35EgyW+cJ57Te3CNsmzblwtzakLGFqHPqrfb4Tw==",
      "dev": true
    },
    "@storybook/addon-actions": {
      "version": "4.1.7",
      "resolved": "https://registry.npmjs.org/@storybook/addon-actions/-/addon-actions-4.1.7.tgz",
      "integrity": "sha512-xhZCkehXZl3FM/2Dw1YOla0KcXyDgPVJbv6fRt0ebbmzaVbeB+cdknZ10SImPbKUWLCdBEKKIAR/CNF29hAH5A==",
      "dev": true,
      "requires": {
        "@emotion/core": "^0.13.1",
        "@emotion/provider": "^0.11.2",
        "@emotion/styled": "^0.10.6",
        "@storybook/addons": "4.1.7",
        "@storybook/components": "4.1.7",
        "@storybook/core-events": "4.1.7",
        "core-js": "^2.5.7",
        "deep-equal": "^1.0.1",
        "global": "^4.3.2",
        "lodash": "^4.17.11",
        "make-error": "^1.3.5",
        "prop-types": "^15.6.2",
        "react-inspector": "^2.3.0",
        "uuid": "^3.3.2"
      }
    },
    "@storybook/addon-backgrounds": {
      "version": "4.1.7",
      "resolved": "https://registry.npmjs.org/@storybook/addon-backgrounds/-/addon-backgrounds-4.1.7.tgz",
      "integrity": "sha512-aH9WMIpQzxMU6IFYdOXrqRZqbNDmOdCYLwJj/nYjN3XI4a3Q6r6M6cqBfblaSzCU7JNr4ejEgjQdoOUSu99MOw==",
      "dev": true,
      "requires": {
        "@emotion/styled": "^0.10.6",
        "@storybook/addons": "4.1.7",
        "@storybook/core-events": "4.1.7",
        "core-js": "^2.5.7",
        "eventemitter3": "^3.1.0",
        "global": "^4.3.2",
        "prop-types": "^15.6.2",
        "util-deprecate": "^1.0.2"
      }
    },
    "@storybook/addon-knobs": {
      "version": "4.1.7",
      "resolved": "https://registry.npmjs.org/@storybook/addon-knobs/-/addon-knobs-4.1.7.tgz",
      "integrity": "sha512-h2YSyZvz+KQIggAKttdTZvRpsCVQUJtyY9mzVHEFDKTccAlC9WjZPD9UDSHYQZKm+0gHtFkxOidFTcjt/5r+8A==",
      "dev": true,
      "requires": {
        "@emotion/styled": "^0.10.6",
        "@storybook/addons": "4.1.7",
        "@storybook/components": "4.1.7",
        "@storybook/core-events": "4.1.7",
        "copy-to-clipboard": "^3.0.8",
        "core-js": "^2.5.7",
        "escape-html": "^1.0.3",
        "fast-deep-equal": "^2.0.1",
        "global": "^4.3.2",
        "prop-types": "^15.6.2",
        "qs": "^6.5.2",
        "react-color": "^2.14.1",
        "react-lifecycles-compat": "^3.0.4",
        "util-deprecate": "^1.0.2"
      }
    },
    "@storybook/addon-links": {
      "version": "4.1.7",
      "resolved": "https://registry.npmjs.org/@storybook/addon-links/-/addon-links-4.1.7.tgz",
      "integrity": "sha512-yslRE0toy8JAvz69niZMx7LhXb3afFPkE5vHCxyB1o+EkPj4hUflWdByVff8hb6/Z8NSA6/iv7F0YvILudpQuw==",
      "dev": true,
      "requires": {
        "@storybook/addons": "4.1.7",
        "@storybook/components": "4.1.7",
        "@storybook/core-events": "4.1.7",
        "core-js": "^2.5.7",
        "global": "^4.3.2",
        "prop-types": "^15.6.2"
      }
    },
    "@storybook/addon-notes": {
      "version": "4.1.7",
      "resolved": "https://registry.npmjs.org/@storybook/addon-notes/-/addon-notes-4.1.7.tgz",
      "integrity": "sha512-mMUth5rMxsgRC5gQzlcTEaks46c9WRfJDbO2j/mdt+xnNN9QBrfaUUpEgnUwkKYXmO6FhD/LLAwVv2BtaULCxA==",
      "dev": true,
      "requires": {
        "@emotion/styled": "^0.10.6",
        "@storybook/addons": "4.1.7",
        "core-js": "^2.5.7",
        "marked": "^0.5.2",
        "prop-types": "^15.6.2"
      }
    },
    "@storybook/addon-options": {
      "version": "4.1.7",
      "resolved": "https://registry.npmjs.org/@storybook/addon-options/-/addon-options-4.1.7.tgz",
      "integrity": "sha512-U1dM8jUqAj/NG+zCAfqlCT/VbXGsGOeXogeHIr1sfBaBxYB3MTbIqmxjGoiGldMoZEjOkeTUGiQtRFg7w96DlQ==",
      "dev": true,
      "requires": {
        "@storybook/addons": "4.1.7",
        "core-js": "^2.5.7",
        "util-deprecate": "^1.0.2"
      }
    },
    "@storybook/addon-storysource": {
      "version": "4.1.7",
      "resolved": "https://registry.npmjs.org/@storybook/addon-storysource/-/addon-storysource-4.1.7.tgz",
      "integrity": "sha512-Y3lca7x37ENCREN35AtOUJz9mYiXygmxQbGSTUxprgs+68rU8ditT9YhZorIUtVIIrsZ295t3YaKZBanaCnLUA==",
      "dev": true,
      "requires": {
        "@storybook/addons": "4.1.7",
        "@storybook/components": "4.1.7",
        "core-js": "^2.5.7",
        "estraverse": "^4.2.0",
        "loader-utils": "^1.1.0",
        "prettier": "^1.14.3",
        "prop-types": "^15.6.2",
        "react-syntax-highlighter": "^10.0.0",
        "regenerator-runtime": "^0.12.1"
      },
      "dependencies": {
        "regenerator-runtime": {
          "version": "0.12.1",
          "resolved": "https://registry.npmjs.org/regenerator-runtime/-/regenerator-runtime-0.12.1.tgz",
          "integrity": "sha512-odxIc1/vDlo4iZcfXqRYFj0vpXFNoGdKMAUieAlFYO6m/nl5e9KR/beGf41z4a1FI+aQgtjhuaSlDxQ0hmkrHg==",
          "dev": true
        }
      }
    },
    "@storybook/addon-viewport": {
      "version": "4.1.7",
      "resolved": "https://registry.npmjs.org/@storybook/addon-viewport/-/addon-viewport-4.1.7.tgz",
      "integrity": "sha512-5Bs22JPYTaszk96y73Hqy9xszsb+S426Ts3sbmOeleouohrWdt6OHtG68qPf+hF3DqemBn2Llf4Qd1WlMthjTA==",
      "dev": true,
      "requires": {
        "@emotion/styled": "^0.10.6",
        "@storybook/addons": "4.1.7",
        "@storybook/components": "4.1.7",
        "@storybook/core-events": "4.1.7",
        "core-js": "^2.5.7",
        "global": "^4.3.2",
        "prop-types": "^15.6.2",
        "util-deprecate": "^1.0.2"
      }
    },
    "@storybook/addons": {
      "version": "4.1.7",
      "resolved": "https://registry.npmjs.org/@storybook/addons/-/addons-4.1.7.tgz",
      "integrity": "sha512-psKz/uMlImHkuUqdYaEq84Kyh3VIcSo00yHsnpWeq0xv3v6ONQKrFZ0bdmuZT30XQC0sYvXaP+YOKRq/hdgWaQ==",
      "dev": true,
      "requires": {
        "@storybook/channels": "4.1.7",
        "@storybook/components": "4.1.7",
        "global": "^4.3.2",
        "util-deprecate": "^1.0.2"
      }
    },
    "@storybook/channels": {
      "version": "4.1.7",
      "resolved": "https://registry.npmjs.org/@storybook/channels/-/channels-4.1.7.tgz",
      "integrity": "sha512-UVLrCcQ8f52PQYdWh97XcWBdqiXKBznePbd4L36//C6cIJkfwQ5nK9UDzzrCP/tlCnolVxnqRlorns4YeJcrSg==",
      "dev": true
    },
    "@storybook/components": {
      "version": "4.1.7",
      "resolved": "https://registry.npmjs.org/@storybook/components/-/components-4.1.7.tgz",
      "integrity": "sha512-PgEREFw58tlyzzGbA7q1WlXgOLk6Dd+qkHZYJ+4JlTAl6kPdjirfRshg0uyvTVy5jGbtDa5mhN7Fo1TtuYiyDw==",
      "dev": true,
      "requires": {
        "@emotion/core": "^0.13.1",
        "@emotion/provider": "^0.11.2",
        "@emotion/styled": "^0.10.6",
        "global": "^4.3.2",
        "lodash": "^4.17.11",
        "prop-types": "^15.6.2",
        "react-inspector": "^2.3.0",
        "react-split-pane": "^0.1.84",
        "react-textarea-autosize": "^7.0.4",
        "render-fragment": "^0.1.1"
      }
    },
    "@storybook/core-events": {
      "version": "4.1.7",
      "resolved": "https://registry.npmjs.org/@storybook/core-events/-/core-events-4.1.7.tgz",
      "integrity": "sha512-IpggH1Br51UAlLaAhNr6qY0IVT5mN1akfeVi1DpCj2ji7zqdfeDO3zmX6aWSjYVefg6OvNol71WKh+wjcYNvXg==",
      "dev": true
    },
    "babel-runtime": {
      "version": "6.26.0",
      "resolved": "https://registry.npmjs.org/babel-runtime/-/babel-runtime-6.26.0.tgz",
      "integrity": "sha1-llxwWGaOgrVde/4E/yM3vItWR/4=",
      "dev": true,
      "requires": {
        "core-js": "^2.4.0",
        "regenerator-runtime": "^0.11.0"
      }
    },
    "big.js": {
      "version": "5.2.2",
      "resolved": "https://registry.npmjs.org/big.js/-/big.js-5.2.2.tgz",
      "integrity": "sha512-vyL2OymJxmarO8gxMr0mhChsO9QGwhynfuu4+MHTAW6czfq9humCB7rKpUjDd9YUiDPU4mzpyupFSvOClAwbmQ==",
      "dev": true
    },
    "character-entities": {
      "version": "1.2.2",
      "resolved": "https://registry.npmjs.org/character-entities/-/character-entities-1.2.2.tgz",
      "integrity": "sha512-sMoHX6/nBiy3KKfC78dnEalnpn0Az0oSNvqUWYTtYrhRI5iUIYsROU48G+E+kMFQzqXaJ8kHJZ85n7y6/PHgwQ==",
      "dev": true
    },
    "character-entities-legacy": {
      "version": "1.1.2",
      "resolved": "https://registry.npmjs.org/character-entities-legacy/-/character-entities-legacy-1.1.2.tgz",
      "integrity": "sha512-9NB2VbXtXYWdXzqrvAHykE/f0QJxzaKIpZ5QzNZrrgQ7Iyxr2vnfS8fCBNVW9nUEZE0lo57nxKRqnzY/dKrwlA==",
      "dev": true
    },
    "character-reference-invalid": {
      "version": "1.1.2",
      "resolved": "https://registry.npmjs.org/character-reference-invalid/-/character-reference-invalid-1.1.2.tgz",
      "integrity": "sha512-7I/xceXfKyUJmSAn/jw8ve/9DyOP7XxufNYLI9Px7CmsKgEUaZLUTax6nZxGQtaoiZCjpu6cHPj20xC/vqRReQ==",
      "dev": true
    },
    "clipboard": {
      "version": "2.0.4",
      "resolved": "https://registry.npmjs.org/clipboard/-/clipboard-2.0.4.tgz",
      "integrity": "sha512-Vw26VSLRpJfBofiVaFb/I8PVfdI1OxKcYShe6fm0sP/DtmiWQNCjhM/okTvdCo0G+lMMm1rMYbk4IK4x1X+kgQ==",
      "dev": true,
      "optional": true,
      "requires": {
        "good-listener": "^1.2.2",
        "select": "^1.1.2",
        "tiny-emitter": "^2.0.0"
      }
    },
    "comma-separated-tokens": {
      "version": "1.0.5",
      "resolved": "https://registry.npmjs.org/comma-separated-tokens/-/comma-separated-tokens-1.0.5.tgz",
      "integrity": "sha512-Cg90/fcK93n0ecgYTAz1jaA3zvnQ0ExlmKY1rdbyHqAx6BHxwoJc+J7HDu0iuQ7ixEs1qaa+WyQ6oeuBpYP1iA==",
      "dev": true,
      "requires": {
        "trim": "0.0.1"
      }
    },
    "copy-to-clipboard": {
      "version": "3.0.8",
      "resolved": "https://registry.npmjs.org/copy-to-clipboard/-/copy-to-clipboard-3.0.8.tgz",
      "integrity": "sha512-c3GdeY8qxCHGezVb1EFQfHYK/8NZRemgcTIzPq7PuxjHAf/raKibn2QdhHPb/y6q74PMgH6yizaDZlRmw6QyKw==",
      "dev": true,
      "requires": {
        "toggle-selection": "^1.0.3"
      }
    },
    "core-js": {
      "version": "2.6.2",
      "resolved": "https://registry.npmjs.org/core-js/-/core-js-2.6.2.tgz",
      "integrity": "sha512-NdBPF/RVwPW6jr0NCILuyN9RiqLo2b1mddWHkUL+VnvcB7dzlnBJ1bXYntjpTGOgkZiiLWj2JxmOr7eGE3qK6g==",
      "dev": true
    },
    "deep-equal": {
      "version": "1.0.1",
      "resolved": "https://registry.npmjs.org/deep-equal/-/deep-equal-1.0.1.tgz",
      "integrity": "sha1-9dJgKStmDghO/0zbyfCK0yR0SLU=",
      "dev": true
    },
    "delegate": {
      "version": "3.2.0",
      "resolved": "https://registry.npmjs.org/delegate/-/delegate-3.2.0.tgz",
      "integrity": "sha512-IofjkYBZaZivn0V8nnsMJGBr4jVLxHDheKSW88PyxS5QC4Vo9ZbZVvhzlSxY87fVq3STR6r+4cGepyHkcWOQSw==",
      "dev": true,
      "optional": true
    },
    "dom-walk": {
      "version": "0.1.1",
      "resolved": "https://registry.npmjs.org/dom-walk/-/dom-walk-0.1.1.tgz",
      "integrity": "sha1-ZyIm3HTI95mtNTB9+TaroRrNYBg=",
      "dev": true
    },
    "emojis-list": {
      "version": "2.1.0",
      "resolved": "https://registry.npmjs.org/emojis-list/-/emojis-list-2.1.0.tgz",
      "integrity": "sha1-TapNnbAPmBmIDHn6RXrlsJof04k=",
      "dev": true
    },
    "escape-html": {
      "version": "1.0.3",
      "resolved": "https://registry.npmjs.org/escape-html/-/escape-html-1.0.3.tgz",
      "integrity": "sha1-Aljq5NPQwJdN4cFpGI7wBR0dGYg=",
      "dev": true
    },
    "estraverse": {
      "version": "4.2.0",
      "resolved": "https://registry.npmjs.org/estraverse/-/estraverse-4.2.0.tgz",
      "integrity": "sha1-De4/7TH81GlhjOc0IJn8GvoL2xM=",
      "dev": true
    },
    "eventemitter3": {
      "version": "3.1.0",
      "resolved": "https://registry.npmjs.org/eventemitter3/-/eventemitter3-3.1.0.tgz",
      "integrity": "sha512-ivIvhpq/Y0uSjcHDcOIccjmYjGLcP09MFGE7ysAwkAvkXfpZlC985pH2/ui64DKazbTW/4kN3yqozUxlXzI6cA==",
      "dev": true
    },
    "fast-deep-equal": {
      "version": "2.0.1",
      "resolved": "https://registry.npmjs.org/fast-deep-equal/-/fast-deep-equal-2.0.1.tgz",
      "integrity": "sha1-ewUhjd+WZ79/Nwv3/bLLFf3Qqkk=",
      "dev": true
    },
    "fault": {
      "version": "1.0.2",
      "resolved": "https://registry.npmjs.org/fault/-/fault-1.0.2.tgz",
      "integrity": "sha512-o2eo/X2syzzERAtN5LcGbiVQ0WwZSlN3qLtadwAz3X8Bu+XWD16dja/KMsjZLiQr+BLGPDnHGkc4yUJf1Xpkpw==",
      "dev": true,
      "requires": {
        "format": "^0.2.2"
      }
    },
    "format": {
      "version": "0.2.2",
      "resolved": "https://registry.npmjs.org/format/-/format-0.2.2.tgz",
      "integrity": "sha1-1hcBB+nv3E7TDJ3DkBbflCtctYs=",
      "dev": true
    },
    "global": {
      "version": "4.3.2",
      "resolved": "https://registry.npmjs.org/global/-/global-4.3.2.tgz",
      "integrity": "sha1-52mJJopsdMOJCLEwWxD8DjlOnQ8=",
      "dev": true,
      "requires": {
        "min-document": "^2.19.0",
        "process": "~0.5.1"
      }
    },
    "good-listener": {
      "version": "1.2.2",
      "resolved": "https://registry.npmjs.org/good-listener/-/good-listener-1.2.2.tgz",
      "integrity": "sha1-1TswzfkxPf+33JoNR3CWqm0UXFA=",
      "dev": true,
      "optional": true,
      "requires": {
        "delegate": "^3.1.2"
      }
    },
    "hast-util-parse-selector": {
      "version": "2.2.1",
      "resolved": "https://registry.npmjs.org/hast-util-parse-selector/-/hast-util-parse-selector-2.2.1.tgz",
      "integrity": "sha512-Xyh0v+nHmQvrOqop2Jqd8gOdyQtE8sIP9IQf7mlVDqp924W4w/8Liuguk2L2qei9hARnQSG2m+wAOCxM7npJVw==",
      "dev": true
    },
    "hastscript": {
      "version": "5.0.0",
      "resolved": "https://registry.npmjs.org/hastscript/-/hastscript-5.0.0.tgz",
      "integrity": "sha512-xJtuJ8D42Xtq5yJrnDg/KAIxl2cXBXKoiIJwmWX9XMf8113qHTGl/Bf7jEsxmENJ4w6q4Tfl8s/Y6mEZo8x8qw==",
      "dev": true,
      "requires": {
        "comma-separated-tokens": "^1.0.0",
        "hast-util-parse-selector": "^2.2.0",
        "property-information": "^5.0.1",
        "space-separated-tokens": "^1.0.0"
      }
    },
    "highlight.js": {
      "version": "9.12.0",
      "resolved": "https://registry.npmjs.org/highlight.js/-/highlight.js-9.12.0.tgz",
      "integrity": "sha1-5tnb5Xy+/mB1HwKvM2GVhwyQwB4=",
      "dev": true
    },
    "is-alphabetical": {
      "version": "1.0.2",
      "resolved": "https://registry.npmjs.org/is-alphabetical/-/is-alphabetical-1.0.2.tgz",
      "integrity": "sha512-V0xN4BYezDHcBSKb1QHUFMlR4as/XEuCZBzMJUU4n7+Cbt33SmUnSol+pnXFvLxSHNq2CemUXNdaXV6Flg7+xg==",
      "dev": true
    },
    "is-alphanumerical": {
      "version": "1.0.2",
      "resolved": "https://registry.npmjs.org/is-alphanumerical/-/is-alphanumerical-1.0.2.tgz",
      "integrity": "sha512-pyfU/0kHdISIgslFfZN9nfY1Gk3MquQgUm1mJTjdkEPpkAKNWuBTSqFwewOpR7N351VkErCiyV71zX7mlQQqsg==",
      "dev": true,
      "requires": {
        "is-alphabetical": "^1.0.0",
        "is-decimal": "^1.0.0"
      }
    },
    "is-decimal": {
      "version": "1.0.2",
      "resolved": "https://registry.npmjs.org/is-decimal/-/is-decimal-1.0.2.tgz",
      "integrity": "sha512-TRzl7mOCchnhchN+f3ICUCzYvL9ul7R+TYOsZ8xia++knyZAJfv/uA1FvQXsAnYIl1T3B2X5E/J7Wb1QXiIBXg==",
      "dev": true
    },
    "is-dom": {
      "version": "1.0.9",
      "resolved": "https://registry.npmjs.org/is-dom/-/is-dom-1.0.9.tgz",
      "integrity": "sha1-SDgy1SlyBz3hK5/j9gMghw2oNw0=",
      "dev": true
    },
    "is-hexadecimal": {
      "version": "1.0.2",
      "resolved": "https://registry.npmjs.org/is-hexadecimal/-/is-hexadecimal-1.0.2.tgz",
      "integrity": "sha512-but/G3sapV3MNyqiDBLrOi4x8uCIw0RY3o/Vb5GT0sMFHrVV7731wFSVy41T5FO1og7G0gXLJh0MkgPRouko/A==",
      "dev": true
    },
    "js-tokens": {
      "version": "4.0.0",
      "resolved": "https://registry.npmjs.org/js-tokens/-/js-tokens-4.0.0.tgz",
      "integrity": "sha512-RdJUflcE3cUzKiMqQgsCu06FPu9UdIJO0beYbPhHN4k6apgJtifcoCtT9bcxOpYBtpD2kCM6Sbzg4CausW/PKQ==",
      "dev": true
    },
    "json5": {
      "version": "1.0.1",
      "resolved": "https://registry.npmjs.org/json5/-/json5-1.0.1.tgz",
      "integrity": "sha512-aKS4WQjPenRxiQsC93MNfjx+nbF4PAdYzmd/1JIj8HYzqfbu86beTuNgXDzPknWk0n0uARlyewZo4s++ES36Ow==",
      "dev": true,
      "requires": {
        "minimist": "^1.2.0"
      }
    },
    "loader-utils": {
      "version": "1.2.3",
      "resolved": "https://registry.npmjs.org/loader-utils/-/loader-utils-1.2.3.tgz",
      "integrity": "sha512-fkpz8ejdnEMG3s37wGL07iSBDg99O9D5yflE9RGNH3hRdx9SOwYfnGYdZOUIZitN8E+E2vkq3MUMYMvPYl5ZZA==",
      "dev": true,
      "requires": {
        "big.js": "^5.2.2",
        "emojis-list": "^2.0.0",
        "json5": "^1.0.1"
      }
    },
    "lodash": {
      "version": "4.17.11",
      "resolved": "https://registry.npmjs.org/lodash/-/lodash-4.17.11.tgz",
      "integrity": "sha512-cQKh8igo5QUhZ7lg38DYWAxMvjSAKG0A8wGSVimP07SIUEK2UO+arSRKbRZWtelMtN5V0Hkwh5ryOto/SshYIg==",
      "dev": true
    },
    "loose-envify": {
      "version": "1.4.0",
      "resolved": "https://registry.npmjs.org/loose-envify/-/loose-envify-1.4.0.tgz",
      "integrity": "sha512-lyuxPGr/Wfhrlem2CL/UcnUc1zcqKAImBDzukY7Y5F/yQiNdko6+fRLevlw1HgMySw7f611UIY408EtxRSoK3Q==",
      "dev": true,
      "requires": {
        "js-tokens": "^3.0.0 || ^4.0.0"
      }
    },
    "lowlight": {
      "version": "1.9.2",
      "resolved": "https://registry.npmjs.org/lowlight/-/lowlight-1.9.2.tgz",
      "integrity": "sha512-Ek18ElVCf/wF/jEm1b92gTnigh94CtBNWiZ2ad+vTgW7cTmQxUY3I98BjHK68gZAJEWmybGBZgx9qv3QxLQB/Q==",
      "dev": true,
      "requires": {
        "fault": "^1.0.2",
        "highlight.js": "~9.12.0"
      }
    },
    "make-error": {
      "version": "1.3.5",
      "resolved": "https://registry.npmjs.org/make-error/-/make-error-1.3.5.tgz",
      "integrity": "sha512-c3sIjNUow0+8swNwVpqoH4YCShKNFkMaw6oH1mNS2haDZQqkeZFlHS3dhoeEbKKmJB4vXpJucU6oH75aDYeE9g==",
      "dev": true
    },
    "marked": {
      "version": "0.5.2",
      "resolved": "https://registry.npmjs.org/marked/-/marked-0.5.2.tgz",
      "integrity": "sha512-fdZvBa7/vSQIZCi4uuwo2N3q+7jJURpMVCcbaX0S1Mg65WZ5ilXvC67MviJAsdjqqgD+CEq4RKo5AYGgINkVAA==",
      "dev": true
    },
    "material-colors": {
      "version": "1.2.6",
      "resolved": "https://registry.npmjs.org/material-colors/-/material-colors-1.2.6.tgz",
      "integrity": "sha512-6qE4B9deFBIa9YSpOc9O0Sgc43zTeVYbgDT5veRKSlB2+ZuHNoVVxA1L/ckMUayV9Ay9y7Z/SZCLcGteW9i7bg==",
      "dev": true
    },
    "min-document": {
      "version": "2.19.0",
      "resolved": "https://registry.npmjs.org/min-document/-/min-document-2.19.0.tgz",
      "integrity": "sha1-e9KC4/WELtKVu3SM3Z8f+iyCRoU=",
      "dev": true,
      "requires": {
        "dom-walk": "^0.1.0"
      }
    },
    "minimist": {
      "version": "1.2.0",
      "resolved": "https://registry.npmjs.org/minimist/-/minimist-1.2.0.tgz",
      "integrity": "sha1-o1AIsg9BOD7sH7kU9M1d95omQoQ=",
      "dev": true
    },
    "object-assign": {
      "version": "4.1.1",
      "resolved": "https://registry.npmjs.org/object-assign/-/object-assign-4.1.1.tgz",
      "integrity": "sha1-IQmtx5ZYh8/AXLvUQsrIv7s2CGM=",
      "dev": true
    },
    "parse-entities": {
      "version": "1.2.0",
      "resolved": "https://registry.npmjs.org/parse-entities/-/parse-entities-1.2.0.tgz",
      "integrity": "sha512-XXtDdOPLSB0sHecbEapQi6/58U/ODj/KWfIXmmMCJF/eRn8laX6LZbOyioMoETOOJoWRW8/qTSl5VQkUIfKM5g==",
      "dev": true,
      "requires": {
        "character-entities": "^1.0.0",
        "character-entities-legacy": "^1.0.0",
        "character-reference-invalid": "^1.0.0",
        "is-alphanumerical": "^1.0.0",
        "is-decimal": "^1.0.0",
        "is-hexadecimal": "^1.0.0"
      }
    },
    "prettier": {
      "version": "1.15.3",
      "resolved": "https://registry.npmjs.org/prettier/-/prettier-1.15.3.tgz",
      "integrity": "sha512-gAU9AGAPMaKb3NNSUUuhhFAS7SCO4ALTN4nRIn6PJ075Qd28Yn2Ig2ahEJWdJwJmlEBTUfC7mMUSFy8MwsOCfg==",
      "dev": true
    },
    "prismjs": {
      "version": "1.15.0",
      "resolved": "https://registry.npmjs.org/prismjs/-/prismjs-1.15.0.tgz",
      "integrity": "sha512-Lf2JrFYx8FanHrjoV5oL8YHCclLQgbJcVZR+gikGGMqz6ub5QVWDTM6YIwm3BuPxM/LOV+rKns3LssXNLIf+DA==",
      "dev": true,
      "requires": {
        "clipboard": "^2.0.0"
      }
    },
    "process": {
      "version": "0.5.2",
      "resolved": "https://registry.npmjs.org/process/-/process-0.5.2.tgz",
      "integrity": "sha1-FjjYqONML0QKkduVq5rrZ3/Bhc8=",
      "dev": true
    },
    "prop-types": {
      "version": "15.6.2",
      "resolved": "https://registry.npmjs.org/prop-types/-/prop-types-15.6.2.tgz",
      "integrity": "sha512-3pboPvLiWD7dkI3qf3KbUe6hKFKa52w+AE0VCqECtf+QHAKgOL37tTaNCnuX1nAAQ4ZhyP+kYVKf8rLmJ/feDQ==",
      "dev": true,
      "requires": {
        "loose-envify": "^1.3.1",
        "object-assign": "^4.1.1"
      }
    },
    "property-information": {
      "version": "5.0.1",
      "resolved": "https://registry.npmjs.org/property-information/-/property-information-5.0.1.tgz",
      "integrity": "sha512-nAtBDVeSwFM3Ot/YxT7s4NqZmqXI7lLzf46BThvotEtYf2uk2yH0ACYuWQkJ7gxKs49PPtKVY0UlDGkyN9aJlw==",
      "dev": true,
      "requires": {
        "xtend": "^4.0.1"
      }
    },
    "qs": {
      "version": "6.6.0",
      "resolved": "https://registry.npmjs.org/qs/-/qs-6.6.0.tgz",
      "integrity": "sha512-KIJqT9jQJDQx5h5uAVPimw6yVg2SekOKu959OCtktD3FjzbpvaPr8i4zzg07DOMz+igA4W/aNM7OV8H37pFYfA==",
      "dev": true
    },
    "react-color": {
      "version": "2.17.0",
      "resolved": "https://registry.npmjs.org/react-color/-/react-color-2.17.0.tgz",
      "integrity": "sha512-kJfE5tSaFe6GzalXOHksVjqwCPAsTl+nzS9/BWfP7j3EXbQ4IiLAF9sZGNzk3uq7HfofGYgjmcUgh0JP7xAQ0w==",
      "dev": true,
      "requires": {
        "@icons/material": "^0.2.4",
        "lodash": ">4.17.4",
        "material-colors": "^1.2.1",
        "prop-types": "^15.5.10",
        "reactcss": "^1.2.0",
        "tinycolor2": "^1.4.1"
      }
    },
    "react-inspector": {
      "version": "2.3.1",
      "resolved": "https://registry.npmjs.org/react-inspector/-/react-inspector-2.3.1.tgz",
      "integrity": "sha512-tUUK7t3KWgZEIUktOYko5Ic/oYwvjEvQUFAGC1UeMeDaQ5za2yZFtItJa2RTwBJB//NxPr000WQK6sEbqC6y0Q==",
      "dev": true,
      "requires": {
        "babel-runtime": "^6.26.0",
        "is-dom": "^1.0.9",
        "prop-types": "^15.6.1"
      }
    },
    "react-lifecycles-compat": {
      "version": "3.0.4",
      "resolved": "https://registry.npmjs.org/react-lifecycles-compat/-/react-lifecycles-compat-3.0.4.tgz",
      "integrity": "sha512-fBASbA6LnOU9dOU2eW7aQ8xmYBSXUIWr+UmF9b1efZBazGNO+rcXT/icdKnYm2pTwcRylVUYwW7H1PHfLekVzA==",
      "dev": true
    },
    "react-split-pane": {
      "version": "0.1.85",
      "resolved": "https://registry.npmjs.org/react-split-pane/-/react-split-pane-0.1.85.tgz",
      "integrity": "sha512-3GhaYs6+eVNrewgN4eQKJoNMQ4pcegNMTMhR5bO/NFO91K6/98qdD1sCuWPpsefCjzxNTjkvVYWQC0bMaC45mA==",
      "dev": true,
      "requires": {
        "prop-types": "^15.5.10",
        "react": "^16.6.3",
        "react-dom": "^16.6.3",
        "react-lifecycles-compat": "^3.0.4",
        "react-style-proptype": "^3.0.0"
      },
      "dependencies": {
        "react": {
          "version": "16.7.0",
          "resolved": "https://registry.npmjs.org/react/-/react-16.7.0.tgz",
          "integrity": "sha512-StCz3QY8lxTb5cl2HJxjwLFOXPIFQp+p+hxQfc8WE0QiLfCtIlKj8/+5tjjKm8uSTlAW+fCPaavGFS06V9Ar3A==",
          "dev": true,
          "requires": {
            "loose-envify": "^1.1.0",
            "object-assign": "^4.1.1",
            "prop-types": "^15.6.2",
            "scheduler": "^0.12.0"
          }
        },
        "react-dom": {
          "version": "16.7.0",
          "resolved": "https://registry.npmjs.org/react-dom/-/react-dom-16.7.0.tgz",
          "integrity": "sha512-D0Ufv1ExCAmF38P2Uh1lwpminZFRXEINJe53zRAbm4KPwSyd6DY/uDoS0Blj9jvPpn1+wivKpZYc8aAAN/nAkg==",
          "dev": true,
          "requires": {
            "loose-envify": "^1.1.0",
            "object-assign": "^4.1.1",
            "prop-types": "^15.6.2",
            "scheduler": "^0.12.0"
          }
        }
      }
    },
    "react-style-proptype": {
      "version": "3.2.2",
      "resolved": "https://registry.npmjs.org/react-style-proptype/-/react-style-proptype-3.2.2.tgz",
      "integrity": "sha512-ywYLSjNkxKHiZOqNlso9PZByNEY+FTyh3C+7uuziK0xFXu9xzdyfHwg4S9iyiRRoPCR4k2LqaBBsWVmSBwCWYQ==",
      "dev": true,
      "requires": {
        "prop-types": "^15.5.4"
      }
    },
    "react-syntax-highlighter": {
      "version": "10.1.2",
      "resolved": "https://registry.npmjs.org/react-syntax-highlighter/-/react-syntax-highlighter-10.1.2.tgz",
      "integrity": "sha512-p/xy9rb13Cr+SaErdOvJWTYH8moDrlszv4LPDd314pk5PmT6OTWQYFy66tBZFWhM2xk6bh4BttTU9SYje5c75g==",
      "dev": true,
      "requires": {
        "@babel/runtime": "^7.1.2",
        "highlight.js": "~9.12.0",
        "lowlight": "~1.9.1",
        "prismjs": "^1.8.4",
        "refractor": "^2.4.1"
      }
    },
    "react-textarea-autosize": {
      "version": "7.1.0",
      "resolved": "https://registry.npmjs.org/react-textarea-autosize/-/react-textarea-autosize-7.1.0.tgz",
      "integrity": "sha512-c2FlR/fP0qbxmlrW96SdrbgP/v0XZMTupqB90zybvmDVDutytUgPl7beU35klwcTeMepUIQEpQUn3P3bdshGPg==",
      "dev": true,
      "requires": {
        "@babel/runtime": "^7.1.2",
        "prop-types": "^15.6.0"
      }
    },
    "reactcss": {
      "version": "1.2.3",
      "resolved": "https://registry.npmjs.org/reactcss/-/reactcss-1.2.3.tgz",
      "integrity": "sha512-KiwVUcFu1RErkI97ywr8nvx8dNOpT03rbnma0SSalTYjkrPYaEajR4a/MRt6DZ46K6arDRbWMNHF+xH7G7n/8A==",
      "dev": true,
      "requires": {
        "lodash": "^4.0.1"
      }
    },
    "refractor": {
      "version": "2.6.2",
      "resolved": "https://registry.npmjs.org/refractor/-/refractor-2.6.2.tgz",
      "integrity": "sha512-AMNEGkhaXfhoa0/0mW0bHdfizDJnuHDK29/D5oQaKICf6DALQ+kDEHW/36oDHCdfva4XrZ+cdMhRvPsTI4OIjA==",
      "dev": true,
      "requires": {
        "hastscript": "^5.0.0",
        "parse-entities": "^1.1.2",
        "prismjs": "~1.15.0"
      }
    },
    "regenerator-runtime": {
      "version": "0.11.1",
      "resolved": "https://registry.npmjs.org/regenerator-runtime/-/regenerator-runtime-0.11.1.tgz",
      "integrity": "sha512-MguG95oij0fC3QV3URf4V2SDYGJhJnJGqvIIgdECeODCT98wSWDAJ94SSuVpYQUoTcGUIL6L4yNB7j1DFFHSBg==",
      "dev": true
    },
    "render-fragment": {
      "version": "0.1.1",
      "resolved": "https://registry.npmjs.org/render-fragment/-/render-fragment-0.1.1.tgz",
      "integrity": "sha512-+DnAcalJYR8GE5VRuQGGu78Q0GDe8EXnkuk4DF8gbAhIeS6LRt4j+aaggLLj4PtQVfXNC61McXvXI58WqmRleQ==",
      "dev": true
    },
    "scheduler": {
      "version": "0.12.0",
      "resolved": "https://registry.npmjs.org/scheduler/-/scheduler-0.12.0.tgz",
      "integrity": "sha512-t7MBR28Akcp4Jm+QoR63XgAi9YgCUmgvDHqf5otgAj4QvdoBE4ImCX0ffehefePPG+aitiYHp0g/mW6s4Tp+dw==",
      "dev": true,
      "requires": {
        "loose-envify": "^1.1.0",
        "object-assign": "^4.1.1"
      }
    },
    "select": {
      "version": "1.1.2",
      "resolved": "https://registry.npmjs.org/select/-/select-1.1.2.tgz",
      "integrity": "sha1-DnNQrN7ICxEIUoeG7B1EGNEbOW0=",
      "dev": true,
      "optional": true
    },
    "space-separated-tokens": {
      "version": "1.1.2",
      "resolved": "https://registry.npmjs.org/space-separated-tokens/-/space-separated-tokens-1.1.2.tgz",
      "integrity": "sha512-G3jprCEw+xFEs0ORweLmblJ3XLymGGr6hxZYTYZjIlvDti9vOBUjRQa1Rzjt012aRrocKstHwdNi+F7HguPsEA==",
      "dev": true,
      "requires": {
        "trim": "0.0.1"
      }
    },
    "tiny-emitter": {
      "version": "2.0.2",
      "resolved": "https://registry.npmjs.org/tiny-emitter/-/tiny-emitter-2.0.2.tgz",
      "integrity": "sha512-2NM0auVBGft5tee/OxP4PI3d8WItkDM+fPnaRAVo6xTDI2knbz9eC5ArWGqtGlYqiH3RU5yMpdyTTO7MguC4ow==",
      "dev": true,
      "optional": true
    },
    "tinycolor2": {
      "version": "1.4.1",
      "resolved": "https://registry.npmjs.org/tinycolor2/-/tinycolor2-1.4.1.tgz",
      "integrity": "sha1-9PrTM0R7wLB9TcjpIJ2POaisd+g=",
      "dev": true
    },
    "toggle-selection": {
      "version": "1.0.6",
      "resolved": "https://registry.npmjs.org/toggle-selection/-/toggle-selection-1.0.6.tgz",
      "integrity": "sha1-bkWxJj8gF/oKzH2J14sVuL932jI=",
      "dev": true
    },
    "trim": {
      "version": "0.0.1",
      "resolved": "https://registry.npmjs.org/trim/-/trim-0.0.1.tgz",
      "integrity": "sha1-WFhUf2spB1fulczMZm+1AITEYN0=",
      "dev": true
    },
    "util-deprecate": {
      "version": "1.0.2",
      "resolved": "https://registry.npmjs.org/util-deprecate/-/util-deprecate-1.0.2.tgz",
      "integrity": "sha1-RQ1Nyfpw3nMnYvvS1KKJgUGaDM8=",
      "dev": true
    },
    "uuid": {
      "version": "3.3.2",
      "resolved": "https://registry.npmjs.org/uuid/-/uuid-3.3.2.tgz",
      "integrity": "sha512-yXJmeNaw3DnnKAOKJE51sL/ZaYfWJRl1pK9dr19YFCu0ObS231AB1/LbqTKRAQ5kw8A90rA6fr4riOUpTZvQZA==",
      "dev": true
    },
    "xtend": {
      "version": "4.0.1",
      "resolved": "https://registry.npmjs.org/xtend/-/xtend-4.0.1.tgz",
      "integrity": "sha1-pcbVMr5lbiPbgg77lDofBJmNY68=",
      "dev": true
    }
  }
}
